
Microsoft Visual Studio Solution File, Format Version 12.00
# Visual Studio 14
VisualStudioVersion = 14.0.25420.1
MinimumVisualStudioVersion = 10.0.40219.1
Project("{FAE04EC0-301F-11D3-BF4B-00C04F79EFBC}") = "VKMessenger", "VKMessenger\VKMessenger.csproj", "{9B045F5B-BD7D-4846-980C-9C5202F9FE14}"
EndProject
Global
	GlobalSection(SolutionConfigurationPlatforms) = preSolution
		Debug|Any CPU = Debug|Any CPU
		Release|Any CPU = Release|Any CPU
	EndGlobalSection
	GlobalSection(ProjectConfigurationPlatforms) = postSolution
		{9B045F5B-BD7D-4846-980C-9C5202F9FE14}.Debug|Any CPU.ActiveCfg = Debug|Any CPU
		{9B045F5B-BD7D-4846-980C-9C5202F9FE14}.Debug|Any CPU.Build.0 = Debug|Any CPU
		{9B045F5B-BD7D-4846-980C-9C5202F9FE14}.Release|Any CPU.ActiveCfg = Release|Any CPU
		{9B045F5B-BD7D-4846-980C-9C5202F9FE14}.Release|Any CPU.Build.0 = Release|Any CPU
	EndGlobalSection
	GlobalSection(SolutionProperties) = preSolution
		HideSolutionNode = FALSE
	EndGlobalSection
EndGlobal
